
Microsoft Visual Studio Solution File, Format Version 12.00
# Visual Studio Version 17
VisualStudioVersion = 17.4.33213.308
MinimumVisualStudioVersion = 10.0.40219.1
Project("{FAE04EC0-301F-11D3-BF4B-00C04F79EFBC}") = "Module_5_5", "Module_5_5.csproj", "{206A9122-36E1-47B1-A470-4CDC14DD1BD9}"
EndProject
Global
	GlobalSection(SolutionConfigurationPlatforms) = preSolution
		Debug|Any CPU = Debug|Any CPU
		Release|Any CPU = Release|Any CPU
	EndGlobalSection
	GlobalSection(ProjectConfigurationPlatforms) = postSolution
		{206A9122-36E1-47B1-A470-4CDC14DD1BD9}.Debug|Any CPU.ActiveCfg = Debug|Any CPU
		{206A9122-36E1-47B1-A470-4CDC14DD1BD9}.Debug|Any CPU.Build.0 = Debug|Any CPU
		{206A9122-36E1-47B1-A470-4CDC14DD1BD9}.Release|Any CPU.ActiveCfg = Release|Any CPU
		{206A9122-36E1-47B1-A470-4CDC14DD1BD9}.Release|Any CPU.Build.0 = Release|Any CPU
	EndGlobalSection
	GlobalSection(SolutionProperties) = preSolution
		HideSolutionNode = FALSE
	EndGlobalSection
	GlobalSection(ExtensibilityGlobals) = postSolution
		SolutionGuid = {EE30CF2B-D575-4907-A830-A59F714D9998}
	EndGlobalSection
EndGlobal
